// !$*UTF8*$!
{
	archiveVersion = 1;
	classes = {
	};
	objectVersion = 56;
	objects = {

/* Begin PBXBuildFile section */
		6C89B8C32AA4BF34000FEB00 /* RealityKitContent in Frameworks */ = {isa = PBXBuildFile; productRef = 6C89B8C22AA4BF34000FEB00 /* RealityKitContent */; };
		6C9C9B302AADBAD4000F7874 /* ImageBasedLighting.skybox in Resources */ = {isa = PBXBuildFile; fileRef = 6C9C9B252AADBAD3000F7874 /* ImageBasedLighting.skybox */; };
		6C9C9B312AADBAD4000F7874 /* UniversalGravitationSystem.swift in Sources */ = {isa = PBXBuildFile; fileRef = 6C9C9B262AADBAD3000F7874 /* UniversalGravitationSystem.swift */; };
		6C9C9B322AADBAD4000F7874 /* Assets.xcassets in Resources */ = {isa = PBXBuildFile; fileRef = 6C9C9B272AADBAD3000F7874 /* Assets.xcassets */; };
		6C9C9B332AADBAD4000F7874 /* StarEntity.swift in Sources */ = {isa = PBXBuildFile; fileRef = 6C9C9B282AADBAD3000F7874 /* StarEntity.swift */; };
		6C9C9B342AADBAD4000F7874 /* ViewModel.swift in Sources */ = {isa = PBXBuildFile; fileRef = 6C9C9B292AADBAD3000F7874 /* ViewModel.swift */; };
		6C9C9B352AADBAD4000F7874 /* Preview Assets.xcassets in Resources */ = {isa = PBXBuildFile; fileRef = 6C9C9B2B2AADBAD3000F7874 /* Preview Assets.xcassets */; };
		6C9C9B362AADBAD4000F7874 /* ThreeAndThreeHundredApp.swift in Sources */ = {isa = PBXBuildFile; fileRef = 6C9C9B2C2AADBAD3000F7874 /* ThreeAndThreeHundredApp.swift */; };
		6C9C9B372AADBAD4000F7874 /* ImmersiveView.swift in Sources */ = {isa = PBXBuildFile; fileRef = 6C9C9B2D2AADBAD3000F7874 /* ImmersiveView.swift */; };
		6C9C9B382AADBAD4000F7874 /* ContentView.swift in Sources */ = {isa = PBXBuildFile; fileRef = 6C9C9B2E2AADBAD3000F7874 /* ContentView.swift */; };
/* End PBXBuildFile section */

/* Begin PBXFileReference section */
		6C89B8BD2AA4BF34000FEB00 /* ThreeAndThreeHundred.app */ = {isa = PBXFileReference; explicitFileType = wrapper.application; includeInIndex = 0; path = ThreeAndThreeHundred.app; sourceTree = BUILT_PRODUCTS_DIR; };
		6C89B8C12AA4BF34000FEB00 /* RealityKitContent */ = {isa = PBXFileReference; lastKnownFileType = wrapper; path = RealityKitContent; sourceTree = "<group>"; };
		6C9C9B252AADBAD3000F7874 /* ImageBasedLighting.skybox */ = {isa = PBXFileReference; lastKnownFileType = file.skybox; path = ImageBasedLighting.skybox; sourceTree = "<group>"; };
		6C9C9B262AADBAD3000F7874 /* UniversalGravitationSystem.swift */ = {isa = PBXFileReference; fileEncoding = 4; lastKnownFileType = sourcecode.swift; path = UniversalGravitationSystem.swift; sourceTree = "<group>"; };
		6C9C9B272AADBAD3000F7874 /* Assets.xcassets */ = {isa = PBXFileReference; lastKnownFileType = folder.assetcatalog; path = Assets.xcassets; sourceTree = "<group>"; };
		6C9C9B282AADBAD3000F7874 /* StarEntity.swift */ = {isa = PBXFileReference; fileEncoding = 4; lastKnownFileType = sourcecode.swift; path = StarEntity.swift; sourceTree = "<group>"; };
		6C9C9B292AADBAD3000F7874 /* ViewModel.swift */ = {isa = PBXFileReference; fileEncoding = 4; lastKnownFileType = sourcecode.swift; path = ViewModel.swift; sourceTree = "<group>"; };
		6C9C9B2B2AADBAD3000F7874 /* Preview Assets.xcassets */ = {isa = PBXFileReference; lastKnownFileType = folder.assetcatalog; path = "Preview Assets.xcassets"; sourceTree = "<group>"; };
		6C9C9B2C2AADBAD3000F7874 /* ThreeAndThreeHundredApp.swift */ = {isa = PBXFileReference; fileEncoding = 4; lastKnownFileType = sourcecode.swift; path = ThreeAndThreeHundredApp.swift; sourceTree = "<group>"; };
		6C9C9B2D2AADBAD3000F7874 /* ImmersiveView.swift */ = {isa = PBXFileReference; fileEncoding = 4; lastKnownFileType = sourcecode.swift; path = ImmersiveView.swift; sourceTree = "<group>"; };
		6C9C9B2E2AADBAD3000F7874 /* ContentView.swift */ = {isa = PBXFileReference; fileEncoding = 4; lastKnownFileType = sourcecode.swift; path = ContentView.swift; sourceTree = "<group>"; };
		6C9C9B2F2AADBAD3000F7874 /* Info.plist */ = {isa = PBXFileReference; fileEncoding = 4; lastKnownFileType = text.plist.xml; path = Info.plist; sourceTree = "<group>"; };
/* End PBXFileReference section */

/* Begin PBXFrameworksBuildPhase section */
		6C89B8BA2AA4BF34000FEB00 /* Frameworks */ = {
			isa = PBXFrameworksBuildPhase;
			buildActionMask = 2147483647;
			files = (
				6C89B8C32AA4BF34000FEB00 /* RealityKitContent in Frameworks */,
			);
			runOnlyForDeploymentPostprocessing = 0;
		};
/* End PBXFrameworksBuildPhase section */

/* Begin PBXGroup section */
		6C89B8B42AA4BF34000FEB00 = {
			isa = PBXGroup;
			children = (
				6C9C9B242AADBAD3000F7874 /* ThreeAndThreeHundred */,
				6C89B8C02AA4BF34000FEB00 /* Packages */,
				6C89B8BE2AA4BF34000FEB00 /* Products */,
			);
			sourceTree = "<group>";
		};
		6C89B8BE2AA4BF34000FEB00 /* Products */ = {
			isa = PBXGroup;
			children = (
				6C89B8BD2AA4BF34000FEB00 /* ThreeAndThreeHundred.app */,
			);
			name = Products;
			sourceTree = "<group>";
		};
		6C89B8C02AA4BF34000FEB00 /* Packages */ = {
			isa = PBXGroup;
			children = (
				6C89B8C12AA4BF34000FEB00 /* RealityKitContent */,
			);
			path = Packages;
			sourceTree = "<group>";
		};
		6C9C9B242AADBAD3000F7874 /* ThreeAndThreeHundred */ = {
			isa = PBXGroup;
			children = (
				6C9C9B2C2AADBAD3000F7874 /* ThreeAndThreeHundredApp.swift */,
				6C9C9B2E2AADBAD3000F7874 /* ContentView.swift */,
				6C9C9B2D2AADBAD3000F7874 /* ImmersiveView.swift */,
				6C9C9B292AADBAD3000F7874 /* ViewModel.swift */,
				6C9C9B262AADBAD3000F7874 /* UniversalGravitationSystem.swift */,
				6C9C9B282AADBAD3000F7874 /* StarEntity.swift */,
				6C9C9B252AADBAD3000F7874 /* ImageBasedLighting.skybox */,
				6C9C9B272AADBAD3000F7874 /* Assets.xcassets */,
				6C9C9B2A2AADBAD3000F7874 /* Preview Content */,
				6C9C9B2F2AADBAD3000F7874 /* Info.plist */,
			);
			path = ThreeAndThreeHundred;
			sourceTree = "<group>";
		};
		6C9C9B2A2AADBAD3000F7874 /* Preview Content */ = {
			isa = PBXGroup;
			children = (
				6C9C9B2B2AADBAD3000F7874 /* Preview Assets.xcassets */,
			);
			path = "Preview Content";
			sourceTree = "<group>";
		};
/* End PBXGroup section */

/* Begin PBXNativeTarget section */
		6C89B8BC2AA4BF34000FEB00 /* ThreeAndThreeHundred */ = {
			isa = PBXNativeTarget;
			buildConfigurationList = 6C89B8D42AA4BF35000FEB00 /* Build configuration list for PBXNativeTarget "ThreeAndThreeHundred" */;
			buildPhases = (
				6C89B8B92AA4BF34000FEB00 /* Sources */,
				6C89B8BA2AA4BF34000FEB00 /* Frameworks */,
				6C89B8BB2AA4BF34000FEB00 /* Resources */,
			);
			buildRules = (
			);
			dependencies = (
			);
			name = ThreeAndThreeHundred;
			packageProductDependencies = (
				6C89B8C22AA4BF34000FEB00 /* RealityKitContent */,
			);
			productName = ThreeAndThreeThousand;
			productReference = 6C89B8BD2AA4BF34000FEB00 /* ThreeAndThreeHundred.app */;
			productType = "com.apple.product-type.application";
		};
/* End PBXNativeTarget section */

/* Begin PBXProject section */
		6C89B8B52AA4BF34000FEB00 /* Project object */ = {
			isa = PBXProject;
			attributes = {
				BuildIndependentTargetsInParallel = 1;
				LastSwiftUpdateCheck = 1500;
				LastUpgradeCheck = 1500;
				TargetAttributes = {
					6C89B8BC2AA4BF34000FEB00 = {
						CreatedOnToolsVersion = 15.0;
					};
				};
			};
			buildConfigurationList = 6C89B8B82AA4BF34000FEB00 /* Build configuration list for PBXProject "ThreeAndThreeHundred" */;
			compatibilityVersion = "Xcode 14.0";
			developmentRegion = en;
			hasScannedForEncodings = 0;
			knownRegions = (
				en,
				Base,
			);
			mainGroup = 6C89B8B42AA4BF34000FEB00;
			productRefGroup = 6C89B8BE2AA4BF34000FEB00 /* Products */;
			projectDirPath = "";
			projectRoot = "";
			targets = (
				6C89B8BC2AA4BF34000FEB00 /* ThreeAndThreeHundred */,
			);
		};
/* End PBXProject section */

/* Begin PBXResourcesBuildPhase section */
		6C89B8BB2AA4BF34000FEB00 /* Resources */ = {
			isa = PBXResourcesBuildPhase;
			buildActionMask = 2147483647;
			files = (
				6C9C9B322AADBAD4000F7874 /* Assets.xcassets in Resources */,
				6C9C9B352AADBAD4000F7874 /* Preview Assets.xcassets in Resources */,
				6C9C9B302AADBAD4000F7874 /* ImageBasedLighting.skybox in Resources */,
			);
			runOnlyForDeploymentPostprocessing = 0;
		};
/* End PBXResourcesBuildPhase section */

/* Begin PBXSourcesBuildPhase section */
		6C89B8B92AA4BF34000FEB00 /* Sources */ = {
			isa = PBXSourcesBuildPhase;
			buildActionMask = 2147483647;
			files = (
				6C9C9B332AADBAD4000F7874 /* StarEntity.swift in Sources */,
				6C9C9B342AADBAD4000F7874 /* ViewModel.swift in Sources */,
				6C9C9B382AADBAD4000F7874 /* ContentView.swift in Sources */,
				6C9C9B372AADBAD4000F7874 /* ImmersiveView.swift in Sources */,
				6C9C9B362AADBAD4000F7874 /* ThreeAndThreeHundredApp.swift in Sources */,
				6C9C9B312AADBAD4000F7874 /* UniversalGravitationSystem.swift in Sources */,
			);
			runOnlyForDeploymentPostprocessing = 0;
		};
/* End PBXSourcesBuildPhase section */

/* Begin XCBuildConfiguration section */
		6C89B8D22AA4BF35000FEB00 /* Debug */ = {
			isa = XCBuildConfiguration;
			buildSettings = {
				ALWAYS_SEARCH_USER_PATHS = NO;
				ASSETCATALOG_COMPILER_GENERATE_SWIFT_ASSET_SYMBOL_EXTENSIONS = YES;
				CLANG_ANALYZER_NONNULL = YES;
				CLANG_ANALYZER_NUMBER_OBJECT_CONVERSION = YES_AGGRESSIVE;
				CLANG_CXX_LANGUAGE_STANDARD = "gnu++20";
				CLANG_ENABLE_MODULES = YES;
				CLANG_ENABLE_OBJC_ARC = YES;
				CLANG_ENABLE_OBJC_WEAK = YES;
				CLANG_WARN_BLOCK_CAPTURE_AUTORELEASING = YES;
				CLANG_WARN_BOOL_CONVERSION = YES;
				CLANG_WARN_COMMA = YES;
				CLANG_WARN_CONSTANT_CONVERSION = YES;
				CLANG_WARN_DEPRECATED_OBJC_IMPLEMENTATIONS = YES;
				CLANG_WARN_DIRECT_OBJC_ISA_USAGE = YES_ERROR;
				CLANG_WARN_DOCUMENTATION_COMMENTS = YES;
				CLANG_WARN_EMPTY_BODY = YES;
				CLANG_WARN_ENUM_CONVERSION = YES;
				CLANG_WARN_INFINITE_RECURSION = YES;
				CLANG_WARN_INT_CONVERSION = YES;
				CLANG_WARN_NON_LITERAL_NULL_CONVERSION = YES;
				CLANG_WARN_OBJC_IMPLICIT_RETAIN_SELF = YES;
				CLANG_WARN_OBJC_LITERAL_CONVERSION = YES;
				CLANG_WARN_OBJC_ROOT_CLASS = YES_ERROR;
				CLANG_WARN_QUOTED_INCLUDE_IN_FRAMEWORK_HEADER = YES;
				CLANG_WARN_RANGE_LOOP_ANALYSIS = YES;
				CLANG_WARN_STRICT_PROTOTYPES = YES;
				CLANG_WARN_SUSPICIOUS_MOVE = YES;
				CLANG_WARN_UNGUARDED_AVAILABILITY = YES_AGGRESSIVE;
				CLANG_WARN_UNREACHABLE_CODE = YES;
				CLANG_WARN__DUPLICATE_METHOD_MATCH = YES;
				COPY_PHASE_STRIP = NO;
				DEBUG_INFORMATION_FORMAT = dwarf;
				ENABLE_STRICT_OBJC_MSGSEND = YES;
				ENABLE_TESTABILITY = YES;
				ENABLE_USER_SCRIPT_SANDBOXING = YES;
				GCC_C_LANGUAGE_STANDARD = gnu17;
				GCC_DYNAMIC_NO_PIC = NO;
				GCC_NO_COMMON_BLOCKS = YES;
				GCC_OPTIMIZATION_LEVEL = 0;
				GCC_PREPROCESSOR_DEFINITIONS = (
					"DEBUG=1",
					"$(inherited)",
				);
				GCC_WARN_64_TO_32_BIT_CONVERSION = YES;
				GCC_WARN_ABOUT_RETURN_TYPE = YES_ERROR;
				GCC_WARN_UNDECLARED_SELECTOR = YES;
				GCC_WARN_UNINITIALIZED_AUTOS = YES_AGGRESSIVE;
				GCC_WARN_UNUSED_FUNCTION = YES;
				GCC_WARN_UNUSED_VARIABLE = YES;
				LOCALIZATION_PREFERS_STRING_CATALOGS = YES;
				MTL_ENABLE_DEBUG_INFO = INCLUDE_SOURCE;
				MTL_FAST_MATH = YES;
				ONLY_ACTIVE_ARCH = YES;
				SDKROOT = xros;
				SWIFT_ACTIVE_COMPILATION_CONDITIONS = "DEBUG $(inherited)";
				SWIFT_OPTIMIZATION_LEVEL = "-Onone";
				XROS_DEPLOYMENT_TARGET = 1.0;
			};
			name = Debug;
		};
		6C89B8D32AA4BF35000FEB00 /* Release */ = {
			isa = XCBuildConfiguration;
			buildSettings = {
				ALWAYS_SEARCH_USER_PATHS = NO;
				ASSETCATALOG_COMPILER_GENERATE_SWIFT_ASSET_SYMBOL_EXTENSIONS = YES;
				CLANG_ANALYZER_NONNULL = YES;
				CLANG_ANALYZER_NUMBER_OBJECT_CONVERSION = YES_AGGRESSIVE;
				CLANG_CXX_LANGUAGE_STANDARD = "gnu++20";
				CLANG_ENABLE_MODULES = YES;
				CLANG_ENABLE_OBJC_ARC = YES;
				CLANG_ENABLE_OBJC_WEAK = YES;
				CLANG_WARN_BLOCK_CAPTURE_AUTORELEASING = YES;
				CLANG_WARN_BOOL_CONVERSION = YES;
				CLANG_WARN_COMMA = YES;
				CLANG_WARN_CONSTANT_CONVERSION = YES;
				CLANG_WARN_DEPRECATED_OBJC_IMPLEMENTATIONS = YES;
				CLANG_WARN_DIRECT_OBJC_ISA_USAGE = YES_ERROR;
				CLANG_WARN_DOCUMENTATION_COMMENTS = YES;
				CLANG_WARN_EMPTY_BODY = YES;
				CLANG_WARN_ENUM_CONVERSION = YES;
				CLANG_WARN_INFINITE_RECURSION = YES;
				CLANG_WARN_INT_CONVERSION = YES;
				CLANG_WARN_NON_LITERAL_NULL_CONVERSION = YES;
				CLANG_WARN_OBJC_IMPLICIT_RETAIN_SELF = YES;
				CLANG_WARN_OBJC_LITERAL_CONVERSION = YES;
				CLANG_WARN_OBJC_ROOT_CLASS = YES_ERROR;
				CLANG_WARN_QUOTED_INCLUDE_IN_FRAMEWORK_HEADER = YES;
				CLANG_WARN_RANGE_LOOP_ANALYSIS = YES;
				CLANG_WARN_STRICT_PROTOTYPES = YES;
				CLANG_WARN_SUSPICIOUS_MOVE = YES;
				CLANG_WARN_UNGUARDED_AVAILABILITY = YES_AGGRESSIVE;
				CLANG_WARN_UNREACHABLE_CODE = YES;
				CLANG_WARN__DUPLICATE_METHOD_MATCH = YES;
				COPY_PHASE_STRIP = NO;
				DEBUG_INFORMATION_FORMAT = "dwarf-with-dsym";
				ENABLE_NS_ASSERTIONS = NO;
				ENABLE_STRICT_OBJC_MSGSEND = YES;
				ENABLE_USER_SCRIPT_SANDBOXING = YES;
				GCC_C_LANGUAGE_STANDARD = gnu17;
				GCC_NO_COMMON_BLOCKS = YES;
				GCC_WARN_64_TO_32_BIT_CONVERSION = YES;
				GCC_WARN_ABOUT_RETURN_TYPE = YES_ERROR;
				GCC_WARN_UNDECLARED_SELECTOR = YES;
				GCC_WARN_UNINITIALIZED_AUTOS = YES_AGGRESSIVE;
				GCC_WARN_UNUSED_FUNCTION = YES;
				GCC_WARN_UNUSED_VARIABLE = YES;
				LOCALIZATION_PREFERS_STRING_CATALOGS = YES;
				MTL_ENABLE_DEBUG_INFO = NO;
				MTL_FAST_MATH = YES;
				SDKROOT = xros;
				SWIFT_COMPILATION_MODE = wholemodule;
				VALIDATE_PRODUCT = YES;
				XROS_DEPLOYMENT_TARGET = 1.0;
			};
			name = Release;
		};
		6C89B8D52AA4BF35000FEB00 /* Debug */ = {
			isa = XCBuildConfiguration;
			buildSettings = {
				ASSETCATALOG_COMPILER_APPICON_NAME = AppIcon;
				ASSETCATALOG_COMPILER_GLOBAL_ACCENT_COLOR_NAME = AccentColor;
				CODE_SIGN_STYLE = Automatic;
				CURRENT_PROJECT_VERSION = 1;
				DEVELOPMENT_ASSET_PATHS = "\"ThreeAndThreeHundred/Preview Content\"";
				ENABLE_PREVIEWS = YES;
				GENERATE_INFOPLIST_FILE = YES;
				INFOPLIST_FILE = "$(TARGET_NAME)/Info.plist";
				LD_RUNPATH_SEARCH_PATHS = (
					"$(inherited)",
					"@executable_path/Frameworks",
				);
				MARKETING_VERSION = 1.0;
				PRODUCT_BUNDLE_IDENTIFIER = com.reality.ThreeAndThreeHundred;
				PRODUCT_NAME = "$(TARGET_NAME)";
				SUPPORTED_PLATFORMS = "xros xrsimulator";
				SWIFT_EMIT_LOC_STRINGS = YES;
				SWIFT_VERSION = 5.0;
				TARGETED_DEVICE_FAMILY = "1,2,7";
			};
			name = Debug;
		};
		6C89B8D62AA4BF35000FEB00 /* Release */ = {
			isa = XCBuildConfiguration;
			buildSettings = {
				ASSETCATALOG_COMPILER_APPICON_NAME = AppIcon;
				ASSETCATALOG_COMPILER_GLOBAL_ACCENT_COLOR_NAME = AccentColor;
				CODE_SIGN_STYLE = Automatic;
				CURRENT_PROJECT_VERSION = 1;
				DEVELOPMENT_ASSET_PATHS = "\"ThreeAndThreeHundred/Preview Content\"";
				ENABLE_PREVIEWS = YES;
				GENERATE_INFOPLIST_FILE = YES;
				INFOPLIST_FILE = "$(TARGET_NAME)/Info.plist";
				LD_RUNPATH_SEARCH_PATHS = (
					"$(inherited)",
					"@executable_path/Frameworks",
				);
				MARKETING_VERSION = 1.0;
				PRODUCT_BUNDLE_IDENTIFIER = com.reality.ThreeAndThreeHundred;
				PRODUCT_NAME = "$(TARGET_NAME)";
				SUPPORTED_PLATFORMS = "xros xrsimulator";
				SWIFT_EMIT_LOC_STRINGS = YES;
				SWIFT_VERSION = 5.0;
				TARGETED_DEVICE_FAMILY = "1,2,7";
			};
			name = Release;
		};
/* End XCBuildConfiguration section */

/* Begin XCConfigurationList section */
		6C89B8B82AA4BF34000FEB00 /* Build configuration list for PBXProject "ThreeAndThreeHundred" */ = {
			isa = XCConfigurationList;
			buildConfigurations = (
				6C89B8D22AA4BF35000FEB00 /* Debug */,
				6C89B8D32AA4BF35000FEB00 /* Release */,
			);
			defaultConfigurationIsVisible = 0;
			defaultConfigurationName = Release;
		};
		6C89B8D42AA4BF35000FEB00 /* Build configuration list for PBXNativeTarget "ThreeAndThreeHundred" */ = {
			isa = XCConfigurationList;
			buildConfigurations = (
				6C89B8D52AA4BF35000FEB00 /* Debug */,
				6C89B8D62AA4BF35000FEB00 /* Release */,
			);
			defaultConfigurationIsVisible = 0;
			defaultConfigurationName = Release;
		};
/* End XCConfigurationList section */

/* Begin XCSwiftPackageProductDependency section */
		6C89B8C22AA4BF34000FEB00 /* RealityKitContent */ = {
			isa = XCSwiftPackageProductDependency;
			productName = RealityKitContent;
		};
/* End XCSwiftPackageProductDependency section */
	};
	rootObject = 6C89B8B52AA4BF34000FEB00 /* Project object */;
}
